// !$*UTF8*$!
{
	archiveVersion = 1;
	classes = {
	};
	objectVersion = 77;
	objects = {

/* Begin PBXBuildFile section */
		2311F7852CB4A8A700E87467 /* SnapKit in Frameworks */ = {isa = PBXBuildFile; productRef = 2311F7842CB4A8A700E87467 /* SnapKit */; };
		2320566D2CDA34A600085B87 /* Then in Frameworks */ = {isa = PBXBuildFile; productRef = 2320566C2CDA34A600085B87 /* Then */; };
		2340EDD32D108608000A1F2F /* Kingfisher in Frameworks */ = {isa = PBXBuildFile; productRef = 2340EDD22D108608000A1F2F /* Kingfisher */; };
		239121932CF9122B00CA615F /* CombineMoya in Frameworks */ = {isa = PBXBuildFile; productRef = 239121922CF9122B00CA615F /* CombineMoya */; };
		239121952CF9122B00CA615F /* Moya in Frameworks */ = {isa = PBXBuildFile; productRef = 239121942CF9122B00CA615F /* Moya */; };
		239121972CF9122B00CA615F /* ReactiveMoya in Frameworks */ = {isa = PBXBuildFile; productRef = 239121962CF9122B00CA615F /* ReactiveMoya */; };
		239121992CF9122B00CA615F /* RxMoya in Frameworks */ = {isa = PBXBuildFile; productRef = 239121982CF9122B00CA615F /* RxMoya */; };
		23CB802A2CF6B7AC003D7957 /* KakaoSDK in Frameworks */ = {isa = PBXBuildFile; productRef = 23CB80292CF6B7AC003D7957 /* KakaoSDK */; };
		23CB802C2CF6B7AC003D7957 /* KakaoSDKAuth in Frameworks */ = {isa = PBXBuildFile; productRef = 23CB802B2CF6B7AC003D7957 /* KakaoSDKAuth */; };
		23CB802E2CF6B7AC003D7957 /* KakaoSDKCommon in Frameworks */ = {isa = PBXBuildFile; productRef = 23CB802D2CF6B7AC003D7957 /* KakaoSDKCommon */; };
		23CB80302CF6B7AC003D7957 /* KakaoSDKUser in Frameworks */ = {isa = PBXBuildFile; productRef = 23CB802F2CF6B7AC003D7957 /* KakaoSDKUser */; };
		23CB80342CF6B91F003D7957 /* Key.xcconfig in Resources */ = {isa = PBXBuildFile; fileRef = 23CB80332CF6B91F003D7957 /* Key.xcconfig */; };
/* End PBXBuildFile section */

/* Begin PBXFileReference section */
		2311F7502CB4A7E400E87467 /* kream.app */ = {isa = PBXFileReference; explicitFileType = wrapper.application; includeInIndex = 0; path = kream.app; sourceTree = BUILT_PRODUCTS_DIR; };
		23CB80332CF6B91F003D7957 /* Key.xcconfig */ = {isa = PBXFileReference; lastKnownFileType = text.xcconfig; path = Key.xcconfig; sourceTree = "<group>"; };
/* End PBXFileReference section */

/* Begin PBXFileSystemSynchronizedBuildFileExceptionSet section */
		2311F7622CB4A7E600E87467 /* Exceptions for "kream" folder in "kream" target */ = {
			isa = PBXFileSystemSynchronizedBuildFileExceptionSet;
			membershipExceptions = (
				Info.plist,
			);
			target = 2311F74F2CB4A7E400E87467 /* kream */;
		};
/* End PBXFileSystemSynchronizedBuildFileExceptionSet section */

/* Begin PBXFileSystemSynchronizedRootGroup section */
		2311F7522CB4A7E400E87467 /* kream */ = {
			isa = PBXFileSystemSynchronizedRootGroup;
			exceptions = (
				2311F7622CB4A7E600E87467 /* Exceptions for "kream" folder in "kream" target */,
			);
			path = kream;
			sourceTree = "<group>";
		};
/* End PBXFileSystemSynchronizedRootGroup section */

/* Begin PBXFrameworksBuildPhase section */
		2311F74D2CB4A7E400E87467 /* Frameworks */ = {
			isa = PBXFrameworksBuildPhase;
			buildActionMask = 2147483647;
			files = (
				239121992CF9122B00CA615F /* RxMoya in Frameworks */,
				2311F7852CB4A8A700E87467 /* SnapKit in Frameworks */,
				2320566D2CDA34A600085B87 /* Then in Frameworks */,
				239121952CF9122B00CA615F /* Moya in Frameworks */,
				23CB80302CF6B7AC003D7957 /* KakaoSDKUser in Frameworks */,
				239121932CF9122B00CA615F /* CombineMoya in Frameworks */,
				239121972CF9122B00CA615F /* ReactiveMoya in Frameworks */,
				23CB802A2CF6B7AC003D7957 /* KakaoSDK in Frameworks */,
				2340EDD32D108608000A1F2F /* Kingfisher in Frameworks */,
				23CB802E2CF6B7AC003D7957 /* KakaoSDKCommon in Frameworks */,
				23CB802C2CF6B7AC003D7957 /* KakaoSDKAuth in Frameworks */,
			);
			runOnlyForDeploymentPostprocessing = 0;
		};
/* End PBXFrameworksBuildPhase section */

/* Begin PBXGroup section */
		2311F7472CB4A7E400E87467 = {
			isa = PBXGroup;
			children = (
				23CB80332CF6B91F003D7957 /* Key.xcconfig */,
				2311F7522CB4A7E400E87467 /* kream */,
				2311F7512CB4A7E400E87467 /* Products */,
			);
			sourceTree = "<group>";
		};
		2311F7512CB4A7E400E87467 /* Products */ = {
			isa = PBXGroup;
			children = (
				2311F7502CB4A7E400E87467 /* kream.app */,
			);
			name = Products;
			sourceTree = "<group>";
		};
/* End PBXGroup section */

/* Begin PBXNativeTarget section */
		2311F74F2CB4A7E400E87467 /* kream */ = {
			isa = PBXNativeTarget;
			buildConfigurationList = 2311F7632CB4A7E600E87467 /* Build configuration list for PBXNativeTarget "kream" */;
			buildPhases = (
				2311F74C2CB4A7E400E87467 /* Sources */,
				2311F74D2CB4A7E400E87467 /* Frameworks */,
				2311F74E2CB4A7E400E87467 /* Resources */,
			);
			buildRules = (
			);
			dependencies = (
			);
			fileSystemSynchronizedGroups = (
				2311F7522CB4A7E400E87467 /* kream */,
			);
			name = kream;
			packageProductDependencies = (
				2311F7842CB4A8A700E87467 /* SnapKit */,
				2320566C2CDA34A600085B87 /* Then */,
				23CB80292CF6B7AC003D7957 /* KakaoSDK */,
				23CB802B2CF6B7AC003D7957 /* KakaoSDKAuth */,
				23CB802D2CF6B7AC003D7957 /* KakaoSDKCommon */,
				23CB802F2CF6B7AC003D7957 /* KakaoSDKUser */,
				239121922CF9122B00CA615F /* CombineMoya */,
				239121942CF9122B00CA615F /* Moya */,
				239121962CF9122B00CA615F /* ReactiveMoya */,
				239121982CF9122B00CA615F /* RxMoya */,
				2340EDD22D108608000A1F2F /* Kingfisher */,
			);
			productName = kream;
			productReference = 2311F7502CB4A7E400E87467 /* kream.app */;
			productType = "com.apple.product-type.application";
		};
/* End PBXNativeTarget section */

/* Begin PBXProject section */
		2311F7482CB4A7E400E87467 /* Project object */ = {
			isa = PBXProject;
			attributes = {
				BuildIndependentTargetsInParallel = 1;
				LastSwiftUpdateCheck = 1600;
				LastUpgradeCheck = 1600;
				TargetAttributes = {
					2311F74F2CB4A7E400E87467 = {
						CreatedOnToolsVersion = 16.0;
					};
				};
			};
			buildConfigurationList = 2311F74B2CB4A7E400E87467 /* Build configuration list for PBXProject "kream" */;
			developmentRegion = en;
			hasScannedForEncodings = 0;
			knownRegions = (
				en,
				Base,
			);
			mainGroup = 2311F7472CB4A7E400E87467;
			minimizedProjectReferenceProxies = 1;
			packageReferences = (
				2311F7832CB4A8A700E87467 /* XCRemoteSwiftPackageReference "SnapKit" */,
				2320566B2CDA34A600085B87 /* XCRemoteSwiftPackageReference "Then" */,
				23CB80282CF6B7AC003D7957 /* XCRemoteSwiftPackageReference "kakao-ios-sdk" */,
				239121912CF9122B00CA615F /* XCRemoteSwiftPackageReference "Moya" */,
				2340EDD12D108608000A1F2F /* XCRemoteSwiftPackageReference "Kingfisher" */,
			);
			preferredProjectObjectVersion = 77;
			productRefGroup = 2311F7512CB4A7E400E87467 /* Products */;
			projectDirPath = "";
			projectRoot = "";
			targets = (
				2311F74F2CB4A7E400E87467 /* kream */,
			);
		};
/* End PBXProject section */

/* Begin PBXResourcesBuildPhase section */
		2311F74E2CB4A7E400E87467 /* Resources */ = {
			isa = PBXResourcesBuildPhase;
			buildActionMask = 2147483647;
			files = (
				23CB80342CF6B91F003D7957 /* Key.xcconfig in Resources */,
			);
			runOnlyForDeploymentPostprocessing = 0;
		};
/* End PBXResourcesBuildPhase section */

/* Begin PBXSourcesBuildPhase section */
		2311F74C2CB4A7E400E87467 /* Sources */ = {
			isa = PBXSourcesBuildPhase;
			buildActionMask = 2147483647;
			files = (
			);
			runOnlyForDeploymentPostprocessing = 0;
		};
/* End PBXSourcesBuildPhase section */

/* Begin XCBuildConfiguration section */
		2311F7642CB4A7E600E87467 /* Debug */ = {
			isa = XCBuildConfiguration;
			baseConfigurationReference = 23CB80332CF6B91F003D7957 /* Key.xcconfig */;
			buildSettings = {
				ASSETCATALOG_COMPILER_APPICON_NAME = AppIcon;
				ASSETCATALOG_COMPILER_GLOBAL_ACCENT_COLOR_NAME = AccentColor;
				CODE_SIGN_STYLE = Automatic;
				CURRENT_PROJECT_VERSION = 1;
				GENERATE_INFOPLIST_FILE = YES;
				INFOPLIST_FILE = kream/Info.plist;
				INFOPLIST_KEY_LSApplicationCategoryType = "";
				INFOPLIST_KEY_UIApplicationSupportsIndirectInputEvents = YES;
				INFOPLIST_KEY_UILaunchStoryboardName = LaunchScreen;
				INFOPLIST_KEY_UISupportedInterfaceOrientations_iPad = "UIInterfaceOrientationPortrait UIInterfaceOrientationPortraitUpsideDown UIInterfaceOrientationLandscapeLeft UIInterfaceOrientationLandscapeRight";
				INFOPLIST_KEY_UISupportedInterfaceOrientations_iPhone = "UIInterfaceOrientationPortrait UIInterfaceOrientationLandscapeLeft UIInterfaceOrientationLandscapeRight";
				LD_RUNPATH_SEARCH_PATHS = (
					"$(inherited)",
					"@executable_path/Frameworks",
				);
				MARKETING_VERSION = 1.0;
				PRODUCT_BUNDLE_IDENTIFIER = com.umc.kream;
				PRODUCT_NAME = "$(TARGET_NAME)";
				SWIFT_EMIT_LOC_STRINGS = YES;
				SWIFT_VERSION = 5.0;
				TARGETED_DEVICE_FAMILY = "1,2";
			};
			name = Debug;
		};
		2311F7652CB4A7E600E87467 /* Release */ = {
			isa = XCBuildConfiguration;
			buildSettings = {
				ASSETCATALOG_COMPILER_APPICON_NAME = AppIcon;
				ASSETCATALOG_COMPILER_GLOBAL_ACCENT_COLOR_NAME = AccentColor;
				CODE_SIGN_STYLE = Automatic;
				CURRENT_PROJECT_VERSION = 1;
				GENERATE_INFOPLIST_FILE = YES;
				INFOPLIST_FILE = kream/Info.plist;
				INFOPLIST_KEY_LSApplicationCategoryType = "";
				INFOPLIST_KEY_UIApplicationSupportsIndirectInputEvents = YES;
				INFOPLIST_KEY_UILaunchStoryboardName = LaunchScreen;
				INFOPLIST_KEY_UISupportedInterfaceOrientations_iPad = "UIInterfaceOrientationPortrait UIInterfaceOrientationPortraitUpsideDown UIInterfaceOrientationLandscapeLeft UIInterfaceOrientationLandscapeRight";
				INFOPLIST_KEY_UISupportedInterfaceOrientations_iPhone = "UIInterfaceOrientationPortrait UIInterfaceOrientationLandscapeLeft UIInterfaceOrientationLandscapeRight";
				LD_RUNPATH_SEARCH_PATHS = (
					"$(inherited)",
					"@executable_path/Frameworks",
				);
				MARKETING_VERSION = 1.0;
				PRODUCT_BUNDLE_IDENTIFIER = com.umc.kream;
				PRODUCT_NAME = "$(TARGET_NAME)";
				SWIFT_EMIT_LOC_STRINGS = YES;
				SWIFT_VERSION = 5.0;
				TARGETED_DEVICE_FAMILY = "1,2";
			};
			name = Release;
		};
		2311F7662CB4A7E600E87467 /* Debug */ = {
			isa = XCBuildConfiguration;
			buildSettings = {
				ALWAYS_SEARCH_USER_PATHS = NO;
				ASSETCATALOG_COMPILER_GENERATE_SWIFT_ASSET_SYMBOL_EXTENSIONS = YES;
				CLANG_ANALYZER_NONNULL = YES;
				CLANG_ANALYZER_NUMBER_OBJECT_CONVERSION = YES_AGGRESSIVE;
				CLANG_CXX_LANGUAGE_STANDARD = "gnu++20";
				CLANG_ENABLE_MODULES = YES;
				CLANG_ENABLE_OBJC_ARC = YES;
				CLANG_ENABLE_OBJC_WEAK = YES;
				CLANG_WARN_BLOCK_CAPTURE_AUTORELEASING = YES;
				CLANG_WARN_BOOL_CONVERSION = YES;
				CLANG_WARN_COMMA = YES;
				CLANG_WARN_CONSTANT_CONVERSION = YES;
				CLANG_WARN_DEPRECATED_OBJC_IMPLEMENTATIONS = YES;
				CLANG_WARN_DIRECT_OBJC_ISA_USAGE = YES_ERROR;
				CLANG_WARN_DOCUMENTATION_COMMENTS = YES;
				CLANG_WARN_EMPTY_BODY = YES;
				CLANG_WARN_ENUM_CONVERSION = YES;
				CLANG_WARN_INFINITE_RECURSION = YES;
				CLANG_WARN_INT_CONVERSION = YES;
				CLANG_WARN_NON_LITERAL_NULL_CONVERSION = YES;
				CLANG_WARN_OBJC_IMPLICIT_RETAIN_SELF = YES;
				CLANG_WARN_OBJC_LITERAL_CONVERSION = YES;
				CLANG_WARN_OBJC_ROOT_CLASS = YES_ERROR;
				CLANG_WARN_QUOTED_INCLUDE_IN_FRAMEWORK_HEADER = YES;
				CLANG_WARN_RANGE_LOOP_ANALYSIS = YES;
				CLANG_WARN_STRICT_PROTOTYPES = YES;
				CLANG_WARN_SUSPICIOUS_MOVE = YES;
				CLANG_WARN_UNGUARDED_AVAILABILITY = YES_AGGRESSIVE;
				CLANG_WARN_UNREACHABLE_CODE = YES;
				CLANG_WARN__DUPLICATE_METHOD_MATCH = YES;
				COPY_PHASE_STRIP = NO;
				DEBUG_INFORMATION_FORMAT = dwarf;
				ENABLE_STRICT_OBJC_MSGSEND = YES;
				ENABLE_TESTABILITY = YES;
				ENABLE_USER_SCRIPT_SANDBOXING = YES;
				GCC_C_LANGUAGE_STANDARD = gnu17;
				GCC_DYNAMIC_NO_PIC = NO;
				GCC_NO_COMMON_BLOCKS = YES;
				GCC_OPTIMIZATION_LEVEL = 0;
				GCC_PREPROCESSOR_DEFINITIONS = (
					"DEBUG=1",
					"$(inherited)",
				);
				GCC_WARN_64_TO_32_BIT_CONVERSION = YES;
				GCC_WARN_ABOUT_RETURN_TYPE = YES_ERROR;
				GCC_WARN_UNDECLARED_SELECTOR = YES;
				GCC_WARN_UNINITIALIZED_AUTOS = YES_AGGRESSIVE;
				GCC_WARN_UNUSED_FUNCTION = YES;
				GCC_WARN_UNUSED_VARIABLE = YES;
				IPHONEOS_DEPLOYMENT_TARGET = 18.0;
				LOCALIZATION_PREFERS_STRING_CATALOGS = YES;
				MTL_ENABLE_DEBUG_INFO = INCLUDE_SOURCE;
				MTL_FAST_MATH = YES;
				ONLY_ACTIVE_ARCH = YES;
				SDKROOT = iphoneos;
				SWIFT_ACTIVE_COMPILATION_CONDITIONS = "DEBUG $(inherited)";
				SWIFT_OPTIMIZATION_LEVEL = "-Onone";
			};
			name = Debug;
		};
		2311F7672CB4A7E600E87467 /* Release */ = {
			isa = XCBuildConfiguration;
			buildSettings = {
				ALWAYS_SEARCH_USER_PATHS = NO;
				ASSETCATALOG_COMPILER_GENERATE_SWIFT_ASSET_SYMBOL_EXTENSIONS = YES;
				CLANG_ANALYZER_NONNULL = YES;
				CLANG_ANALYZER_NUMBER_OBJECT_CONVERSION = YES_AGGRESSIVE;
				CLANG_CXX_LANGUAGE_STANDARD = "gnu++20";
				CLANG_ENABLE_MODULES = YES;
				CLANG_ENABLE_OBJC_ARC = YES;
				CLANG_ENABLE_OBJC_WEAK = YES;
				CLANG_WARN_BLOCK_CAPTURE_AUTORELEASING = YES;
				CLANG_WARN_BOOL_CONVERSION = YES;
				CLANG_WARN_COMMA = YES;
				CLANG_WARN_CONSTANT_CONVERSION = YES;
				CLANG_WARN_DEPRECATED_OBJC_IMPLEMENTATIONS = YES;
				CLANG_WARN_DIRECT_OBJC_ISA_USAGE = YES_ERROR;
				CLANG_WARN_DOCUMENTATION_COMMENTS = YES;
				CLANG_WARN_EMPTY_BODY = YES;
				CLANG_WARN_ENUM_CONVERSION = YES;
				CLANG_WARN_INFINITE_RECURSION = YES;
				CLANG_WARN_INT_CONVERSION = YES;
				CLANG_WARN_NON_LITERAL_NULL_CONVERSION = YES;
				CLANG_WARN_OBJC_IMPLICIT_RETAIN_SELF = YES;
				CLANG_WARN_OBJC_LITERAL_CONVERSION = YES;
				CLANG_WARN_OBJC_ROOT_CLASS = YES_ERROR;
				CLANG_WARN_QUOTED_INCLUDE_IN_FRAMEWORK_HEADER = YES;
				CLANG_WARN_RANGE_LOOP_ANALYSIS = YES;
				CLANG_WARN_STRICT_PROTOTYPES = YES;
				CLANG_WARN_SUSPICIOUS_MOVE = YES;
				CLANG_WARN_UNGUARDED_AVAILABILITY = YES_AGGRESSIVE;
				CLANG_WARN_UNREACHABLE_CODE = YES;
				CLANG_WARN__DUPLICATE_METHOD_MATCH = YES;
				COPY_PHASE_STRIP = NO;
				DEBUG_INFORMATION_FORMAT = "dwarf-with-dsym";
				ENABLE_NS_ASSERTIONS = NO;
				ENABLE_STRICT_OBJC_MSGSEND = YES;
				ENABLE_USER_SCRIPT_SANDBOXING = YES;
				GCC_C_LANGUAGE_STANDARD = gnu17;
				GCC_NO_COMMON_BLOCKS = YES;
				GCC_WARN_64_TO_32_BIT_CONVERSION = YES;
				GCC_WARN_ABOUT_RETURN_TYPE = YES_ERROR;
				GCC_WARN_UNDECLARED_SELECTOR = YES;
				GCC_WARN_UNINITIALIZED_AUTOS = YES_AGGRESSIVE;
				GCC_WARN_UNUSED_FUNCTION = YES;
				GCC_WARN_UNUSED_VARIABLE = YES;
				IPHONEOS_DEPLOYMENT_TARGET = 18.0;
				LOCALIZATION_PREFERS_STRING_CATALOGS = YES;
				MTL_ENABLE_DEBUG_INFO = NO;
				MTL_FAST_MATH = YES;
				SDKROOT = iphoneos;
				SWIFT_COMPILATION_MODE = wholemodule;
				VALIDATE_PRODUCT = YES;
			};
			name = Release;
		};
/* End XCBuildConfiguration section */

/* Begin XCConfigurationList section */
		2311F74B2CB4A7E400E87467 /* Build configuration list for PBXProject "kream" */ = {
			isa = XCConfigurationList;
			buildConfigurations = (
				2311F7662CB4A7E600E87467 /* Debug */,
				2311F7672CB4A7E600E87467 /* Release */,
			);
			defaultConfigurationIsVisible = 0;
			defaultConfigurationName = Release;
		};
		2311F7632CB4A7E600E87467 /* Build configuration list for PBXNativeTarget "kream" */ = {
			isa = XCConfigurationList;
			buildConfigurations = (
				2311F7642CB4A7E600E87467 /* Debug */,
				2311F7652CB4A7E600E87467 /* Release */,
			);
			defaultConfigurationIsVisible = 0;
			defaultConfigurationName = Release;
		};
/* End XCConfigurationList section */

/* Begin XCRemoteSwiftPackageReference section */
		2311F7832CB4A8A700E87467 /* XCRemoteSwiftPackageReference "SnapKit" */ = {
			isa = XCRemoteSwiftPackageReference;
			repositoryURL = "https://github.com/SnapKit/SnapKit";
			requirement = {
				kind = upToNextMajorVersion;
				minimumVersion = 5.7.1;
			};
		};
		2320566B2CDA34A600085B87 /* XCRemoteSwiftPackageReference "Then" */ = {
			isa = XCRemoteSwiftPackageReference;
			repositoryURL = "https://github.com/devxoul/Then";
			requirement = {
				kind = upToNextMajorVersion;
				minimumVersion = 3.0.0;
			};
		};
		2340EDD12D108608000A1F2F /* XCRemoteSwiftPackageReference "Kingfisher" */ = {
			isa = XCRemoteSwiftPackageReference;
			repositoryURL = "https://github.com/onevcat/Kingfisher";
			requirement = {
				kind = upToNextMajorVersion;
				minimumVersion = 8.1.2;
			};
		};
		239121912CF9122B00CA615F /* XCRemoteSwiftPackageReference "Moya" */ = {
			isa = XCRemoteSwiftPackageReference;
			repositoryURL = "https://github.com/Moya/Moya";
			requirement = {
				kind = upToNextMajorVersion;
				minimumVersion = 15.0.3;
			};
		};
		23CB80282CF6B7AC003D7957 /* XCRemoteSwiftPackageReference "kakao-ios-sdk" */ = {
			isa = XCRemoteSwiftPackageReference;
			repositoryURL = "https://github.com/kakao/kakao-ios-sdk";
			requirement = {
				kind = upToNextMajorVersion;
				minimumVersion = 2.23.0;
			};
		};
/* End XCRemoteSwiftPackageReference section */

/* Begin XCSwiftPackageProductDependency section */
		2311F7842CB4A8A700E87467 /* SnapKit */ = {
			isa = XCSwiftPackageProductDependency;
			package = 2311F7832CB4A8A700E87467 /* XCRemoteSwiftPackageReference "SnapKit" */;
			productName = SnapKit;
		};
		2320566C2CDA34A600085B87 /* Then */ = {
			isa = XCSwiftPackageProductDependency;
			package = 2320566B2CDA34A600085B87 /* XCRemoteSwiftPackageReference "Then" */;
			productName = Then;
		};
		2340EDD22D108608000A1F2F /* Kingfisher */ = {
			isa = XCSwiftPackageProductDependency;
			package = 2340EDD12D108608000A1F2F /* XCRemoteSwiftPackageReference "Kingfisher" */;
			productName = Kingfisher;
		};
		239121922CF9122B00CA615F /* CombineMoya */ = {
			isa = XCSwiftPackageProductDependency;
			package = 239121912CF9122B00CA615F /* XCRemoteSwiftPackageReference "Moya" */;
			productName = CombineMoya;
		};
		239121942CF9122B00CA615F /* Moya */ = {
			isa = XCSwiftPackageProductDependency;
			package = 239121912CF9122B00CA615F /* XCRemoteSwiftPackageReference "Moya" */;
			productName = Moya;
		};
		239121962CF9122B00CA615F /* ReactiveMoya */ = {
			isa = XCSwiftPackageProductDependency;
			package = 239121912CF9122B00CA615F /* XCRemoteSwiftPackageReference "Moya" */;
			productName = ReactiveMoya;
		};
		239121982CF9122B00CA615F /* RxMoya */ = {
			isa = XCSwiftPackageProductDependency;
			package = 239121912CF9122B00CA615F /* XCRemoteSwiftPackageReference "Moya" */;
			productName = RxMoya;
		};
		23CB80292CF6B7AC003D7957 /* KakaoSDK */ = {
			isa = XCSwiftPackageProductDependency;
			package = 23CB80282CF6B7AC003D7957 /* XCRemoteSwiftPackageReference "kakao-ios-sdk" */;
			productName = KakaoSDK;
		};
		23CB802B2CF6B7AC003D7957 /* KakaoSDKAuth */ = {
			isa = XCSwiftPackageProductDependency;
			package = 23CB80282CF6B7AC003D7957 /* XCRemoteSwiftPackageReference "kakao-ios-sdk" */;
			productName = KakaoSDKAuth;
		};
		23CB802D2CF6B7AC003D7957 /* KakaoSDKCommon */ = {
			isa = XCSwiftPackageProductDependency;
			package = 23CB80282CF6B7AC003D7957 /* XCRemoteSwiftPackageReference "kakao-ios-sdk" */;
			productName = KakaoSDKCommon;
		};
		23CB802F2CF6B7AC003D7957 /* KakaoSDKUser */ = {
			isa = XCSwiftPackageProductDependency;
			package = 23CB80282CF6B7AC003D7957 /* XCRemoteSwiftPackageReference "kakao-ios-sdk" */;
			productName = KakaoSDKUser;
		};
/* End XCSwiftPackageProductDependency section */
	};
	rootObject = 2311F7482CB4A7E400E87467 /* Project object */;
}
